
Microsoft Visual Studio Solution File, Format Version 12.00
# Visual Studio 15
VisualStudioVersion = 15.0.27703.2026
MinimumVisualStudioVersion = 10.0.40219.1
Project("{FAE04EC0-301F-11D3-BF4B-00C04F79EFBC}") = "OOP_Final", "OOP_Final\OOP_Final.csproj", "{A34A0EAB-D7CC-4D9D-90B3-5489FA608FEB}"
EndProject
Global
	GlobalSection(SolutionConfigurationPlatforms) = preSolution
		Debug|Any CPU = Debug|Any CPU
		Release|Any CPU = Release|Any CPU
	EndGlobalSection
	GlobalSection(ProjectConfigurationPlatforms) = postSolution
		{A34A0EAB-D7CC-4D9D-90B3-5489FA608FEB}.Debug|Any CPU.ActiveCfg = Debug|Any CPU
		{A34A0EAB-D7CC-4D9D-90B3-5489FA608FEB}.Debug|Any CPU.Build.0 = Debug|Any CPU
		{A34A0EAB-D7CC-4D9D-90B3-5489FA608FEB}.Release|Any CPU.ActiveCfg = Release|Any CPU
		{A34A0EAB-D7CC-4D9D-90B3-5489FA608FEB}.Release|Any CPU.Build.0 = Release|Any CPU
	EndGlobalSection
	GlobalSection(SolutionProperties) = preSolution
		HideSolutionNode = FALSE
	EndGlobalSection
	GlobalSection(ExtensibilityGlobals) = postSolution
		SolutionGuid = {E758AE25-932F-495F-A747-0E8DFC3F9FBA}
	EndGlobalSection
EndGlobal
